# This file is automatically @generated by Cargo.
# It is not intended for manual editing.
version = 3

[[package]]
name = "erased-serde"
version = "0.3.16"
source = "registry+https://github.com/rust-lang/crates.io-index"
checksum = "3de9ad4541d99dc22b59134e7ff8dc3d6c988c89ecd7324bf10a8362b07a2afa"
dependencies = [
 "serde",
]

[[package]]
name = "itoa"
version = "0.4.8"
source = "registry+https://github.com/rust-lang/crates.io-index"
checksum = "b71991ff56294aa922b450139ee08b3bfc70982c6b2c7562771375cf73542dd4"

[[package]]
name = "mini-internal"
version = "0.1.15"
source = "registry+https://github.com/rust-lang/crates.io-index"
checksum = "ac2f0e3cdd28b81bf077f464771717698e7ae3f0321c0086dd7ad241d6085ce7"
dependencies = [
 "proc-macro2",
 "quote",
 "syn",
]

[[package]]
name = "miniserde"
version = "0.1.15"
source = "registry+https://github.com/rust-lang/crates.io-index"
checksum = "5a116a35523bbd5b1712cefda270a03d1481263a114b6705cb1f02692651f76f"
dependencies = [
 "itoa",
 "mini-internal",
 "ryu",
]

[[package]]
name = "proc-macro2"
version = "1.0.29"
source = "registry+https://github.com/rust-lang/crates.io-index"
checksum = "b9f5105d4fdaab20335ca9565e106a5d9b82b6219b5ba735731124ac6711d23d"
dependencies = [
 "unicode-xid",
]

[[package]]
name = "quote"
version = "1.0.9"
source = "registry+https://github.com/rust-lang/crates.io-index"
checksum = "c3d0b9745dc2debf507c8422de05d7226cc1f0644216dfdfead988f9b1ab32a7"
dependencies = [
 "proc-macro2",
]

[[package]]
name = "ryu"
version = "1.0.5"
source = "registry+https://github.com/rust-lang/crates.io-index"
checksum = "71d301d4193d031abdd79ff7e3dd721168a9572ef3fe51a1517aba235bd8f86e"

[[package]]
name = "serde"
version = "1.0.127"
source = "registry+https://github.com/rust-lang/crates.io-index"
checksum = "f03b9878abf6d14e6779d3f24f07b2cfa90352cfec4acc5aab8f1ac7f146fae8"
dependencies = [
 "serde_derive",
]

[[package]]
name = "serde_derive"
version = "1.0.127"
source = "registry+https://github.com/rust-lang/crates.io-index"
checksum = "a024926d3432516606328597e0f224a51355a493b49fdd67e9209187cbe55ecc"
dependencies = [
 "proc-macro2",
 "quote",
 "syn",
]

[[package]]
name = "serde_json"
version = "1.0.67"
source = "registry+https://github.com/rust-lang/crates.io-index"
checksum = "a7f9e390c27c3c0ce8bc5d725f6e4d30a29d26659494aa4b17535f7522c5c950"
dependencies = [
 "itoa",
 "ryu",
 "serde",
]

[[package]]
name = "sval"
version = "1.0.0-alpha.5"
dependencies = [
 "sval_derive",
]

[[package]]
name = "sval-generic-api"
version = "0.0.0"
dependencies = [
 "serde",
 "sval-generic-api-derive",
]

[[package]]
name = "sval-generic-api-derive"
version = "0.0.0"
dependencies = [
 "proc-macro2",
 "quote",
 "syn",
]

[[package]]
name = "sval-generic-api-json"
version = "0.0.0"
dependencies = [
 "itoa",
 "ryu",
 "sval-generic-api",
]

[[package]]
name = "sval-generic-api-json-twitter-benches"
version = "0.0.0"
dependencies = [
 "erased-serde",
 "miniserde",
 "serde_json",
 "sval-generic-api",
 "sval-generic-api-json",
 "sval-generic-api-json-twitter-tests",
 "sval_json",
]

[[package]]
name = "sval-generic-api-json-twitter-tests"
version = "0.0.0"
dependencies = [
 "miniserde",
 "serde",
 "serde_json",
 "sval",
 "sval-generic-api",
]

[[package]]
name = "sval_derive"
version = "1.0.0-alpha.5"
dependencies = [
 "proc-macro2",
 "quote",
 "syn",
]

[[package]]
name = "sval_json"
version = "1.0.0-alpha.5"
dependencies = [
 "itoa",
 "ryu",
 "sval",
]

[[package]]
name = "syn"
version = "1.0.75"
source = "registry+https://github.com/rust-lang/crates.io-index"
checksum = "b7f58f7e8eaa0009c5fec437aabf511bd9933e4b2d7407bd05273c01a8906ea7"
dependencies = [
 "proc-macro2",
 "quote",
 "unicode-xid",
]

[[package]]
name = "unicode-xid"
version = "0.2.2"
source = "registry+https://github.com/rust-lang/crates.io-index"
checksum = "8ccb82d61f80a663efe1f787a51b16b5a51e3314d6ac365b08639f52387b33f3"
